# auto-generated by grc.converter

id: cc11xx_cc11xx_deframer_bb
label: CC11XX Deframer
category: '[cc11xx]'

parameters:
-   id: sync1
    label: Sync byte 1
    dtype: int
    default: '0xe9'
-   id: sync2
    label: Sync byte 2
    dtype: int
    default: '0xca'
-   id: has_whitening
    label: Whitening
    dtype: enum
    options: ['True', 'False']
    option_labels: ['Yes', 'No']
-   id: has_crc
    label: CRC
    dtype: enum
    options: ['True', 'False']
    option_labels: ['Yes', 'No']
-   id: preamble_bytes
    label: Preamble length
    dtype: enum
    options: ['2', '4']

inputs:
-   domain: stream
    dtype: byte

outputs:
-   domain: message
    id: out

templates:
    imports: import gnuradio.cc11xx as cc11xx
    make: cc11xx.cc11xx_deframer_bb(${sync1}, ${sync2}, ${has_whitening}, ${has_crc},
        ${preamble_bytes})

file_format: 1
